
Microsoft Visual Studio Solution File, Format Version 12.00
# Visual Studio 2012
Project("{FAE04EC0-301F-11D3-BF4B-00C04F79EFBC}") = "QueGolazo", "QueGolazo\QueGolazo.csproj", "{DE4BFA81-76A3-4CF5-B195-AFAC6391528B}"
EndProject
Project("{FAE04EC0-301F-11D3-BF4B-00C04F79EFBC}") = "Entidades", "Entidades\Entidades.csproj", "{DC3161A9-AF22-4F20-80C8-E945F9F4726A}"
EndProject
Global
	GlobalSection(SubversionScc) = preSolution
		Svn-Managed = True
		Manager = AnkhSVN - Subversion Support for Visual Studio
	EndGlobalSection
	GlobalSection(SolutionConfigurationPlatforms) = preSolution
		Debug|Any CPU = Debug|Any CPU
		Release|Any CPU = Release|Any CPU
	EndGlobalSection
	GlobalSection(ProjectConfigurationPlatforms) = postSolution
		{DE4BFA81-76A3-4CF5-B195-AFAC6391528B}.Debug|Any CPU.ActiveCfg = Debug|Any CPU
		{DE4BFA81-76A3-4CF5-B195-AFAC6391528B}.Debug|Any CPU.Build.0 = Debug|Any CPU
		{DE4BFA81-76A3-4CF5-B195-AFAC6391528B}.Release|Any CPU.ActiveCfg = Release|Any CPU
		{DE4BFA81-76A3-4CF5-B195-AFAC6391528B}.Release|Any CPU.Build.0 = Release|Any CPU
		{DC3161A9-AF22-4F20-80C8-E945F9F4726A}.Debug|Any CPU.ActiveCfg = Debug|Any CPU
		{DC3161A9-AF22-4F20-80C8-E945F9F4726A}.Debug|Any CPU.Build.0 = Debug|Any CPU
		{DC3161A9-AF22-4F20-80C8-E945F9F4726A}.Release|Any CPU.ActiveCfg = Release|Any CPU
		{DC3161A9-AF22-4F20-80C8-E945F9F4726A}.Release|Any CPU.Build.0 = Release|Any CPU
	EndGlobalSection
	GlobalSection(SolutionProperties) = preSolution
		HideSolutionNode = FALSE
	EndGlobalSection
EndGlobal
